
Microsoft Visual Studio Solution File, Format Version 12.00
# Visual Studio Version 17
VisualStudioVersion = 17.5.002.0
MinimumVisualStudioVersion = 10.0.40219.1
Project("{9A19103F-16F7-4668-BE54-9A1E7A4F7556}") = "Task034", "Task034.csproj", "{2CC1BE58-71DF-44B5-A502-77B0090C9EA9}"
EndProject
Global
	GlobalSection(SolutionConfigurationPlatforms) = preSolution
		Debug|Any CPU = Debug|Any CPU
		Release|Any CPU = Release|Any CPU
	EndGlobalSection
	GlobalSection(ProjectConfigurationPlatforms) = postSolution
		{2CC1BE58-71DF-44B5-A502-77B0090C9EA9}.Debug|Any CPU.ActiveCfg = Debug|Any CPU
		{2CC1BE58-71DF-44B5-A502-77B0090C9EA9}.Debug|Any CPU.Build.0 = Debug|Any CPU
		{2CC1BE58-71DF-44B5-A502-77B0090C9EA9}.Release|Any CPU.ActiveCfg = Release|Any CPU
		{2CC1BE58-71DF-44B5-A502-77B0090C9EA9}.Release|Any CPU.Build.0 = Release|Any CPU
	EndGlobalSection
	GlobalSection(SolutionProperties) = preSolution
		HideSolutionNode = FALSE
	EndGlobalSection
	GlobalSection(ExtensibilityGlobals) = postSolution
		SolutionGuid = {AED7869D-CD61-4026-9298-63EE23A56B41}
	EndGlobalSection
EndGlobal
